{
  "version": "2",
  "remote": {
    "https://deno.land/std@0.192.0/_util/asserts.ts": "178dfc49a464aee693a7e285567b3d0b555dc805ff490505a8aae34f9cfb1462",
    "https://deno.land/std@0.192.0/_util/os.ts": "d932f56d41e4f6a6093d56044e29ce637f8dcc43c5a90af43504a889cf1775e3",
    "https://deno.land/std@0.192.0/collections/_comparators.ts": "fa7f9a44cea1d270098a2a5a6f8bb30c61b595c1b1f983bd67c6297d766adffa",
    "https://deno.land/std@0.192.0/collections/_utils.ts": "5114abc026ddef71207a79609b984614e66a63a4bda17d819d56b0e72c51527e",
    "https://deno.land/std@0.192.0/collections/aggregate_groups.ts": "133fe3a534a447c30f96ec95734396e81d2f1800f14941dce45e531ffb35d317",
    "https://deno.land/std@0.192.0/collections/associate_by.ts": "645fe18634bc2e8318dbaa97dd23c5eac6c35d43e9ad36e6f800b6a34a4b0371",
    "https://deno.land/std@0.192.0/collections/associate_with.ts": "91f0f9c8c5dda96a90c113a114444d25e18d37244462db8a7651586ada9ed5f8",
    "https://deno.land/std@0.192.0/collections/binary_heap.ts": "64a5f4ff7383d6462a19f3da48ce81a8a10f0d73c91e5463706f01b2490bb005",
    "https://deno.land/std@0.192.0/collections/chunk.ts": "541f4b537109163f859e7b2e2ff6245669cf4d7feaeae9674b01e1acf3929291",
    "https://deno.land/std@0.192.0/collections/deep_merge.ts": "5a8ed29030f4471a5272785c57c3455fa79697b9a8f306013a8feae12bafc99a",
    "https://deno.land/std@0.192.0/collections/distinct.ts": "63372ed86c56cf37c37bfdf3694ff31b294ea97376ebe49646528c868a22c722",
    "https://deno.land/std@0.192.0/collections/distinct_by.ts": "6449385f76c9437fb2316997070fb9bbd0ae22d9b28c667cfd169142394c7313",
    "https://deno.land/std@0.192.0/collections/drop_last_while.ts": "b80dde3ebab9f91845d3d80e256e22d8e6e7c0896b28827266dd5c53a1e76f8d",
    "https://deno.land/std@0.192.0/collections/drop_while.ts": "221a208e49db1fddab52854fda880614c45454c9696820f86f22ddc2f2498c0d",
    "https://deno.land/std@0.192.0/collections/filter_entries.ts": "721f5392f4b450350c79b45a194395758506d386fa8adc23704d4bdb8903cdeb",
    "https://deno.land/std@0.192.0/collections/filter_keys.ts": "3b99bd98d347f23b8fe8183b108077ae6e467707e80798e768c11eb86fff49c9",
    "https://deno.land/std@0.192.0/collections/filter_values.ts": "5b9feaf17b9a6e5ffccdd36cf6f38fa4ffa94cff2602d381c2ad0c2a97929652",
    "https://deno.land/std@0.192.0/collections/find_single.ts": "72f48ea14933c278ad3ed20204121db2456aece0c08949aba475697f7f0b724e",
    "https://deno.land/std@0.192.0/collections/first_not_nullish_of.ts": "a077e7250e3786591abeec48a37a5950906dfee2d2b3a738cf4dfa58fde8b425",
    "https://deno.land/std@0.192.0/collections/group_by.ts": "59bcf7ddc386ff78521446ccafbfc3ff08a72afacae56f24406389563482b9a0",
    "https://deno.land/std@0.192.0/collections/includes_value.ts": "ef91ec433be90e75d2e7cad9f28500a85413e3a3f055b4fc57beefc4c9faed8f",
    "https://deno.land/std@0.192.0/collections/intersect.ts": "cfe4a305b69a2ee1fedb29a08c412a36145326788c702526ab69f01c1b4b6c65",
    "https://deno.land/std@0.192.0/collections/join_to_string.ts": "42429480c42509abd6d8cc08fc45c62e8d9c789cbdc1f01fbe26ee823e25824f",
    "https://deno.land/std@0.192.0/collections/map_entries.ts": "26ad0c17460cfd9d889e7d80a1ecbaca17021b0c59262101681bbb7524eaa4f5",
    "https://deno.land/std@0.192.0/collections/map_keys.ts": "8505f1a0983c0ba6e65265608c0b2332226bb66ea3a9dee50ed7c2e16101c91a",
    "https://deno.land/std@0.192.0/collections/map_not_nullish.ts": "cae4a30ec63292de6481cfd5f954f8f6d80baf5d8d702b9d6e37f829beafd156",
    "https://deno.land/std@0.192.0/collections/map_values.ts": "431b78fd770c72cc978ca7bbfa08cdc0805e69c7d2b69ad19859e093467bd46d",
    "https://deno.land/std@0.192.0/collections/max_by.ts": "ee68f23eb03b22ad8ea64c74c7edfbebefd590c5e4bed5f41fced04c73ed9bc4",
    "https://deno.land/std@0.192.0/collections/max_of.ts": "9ff14e3833c4e109558d9ff41557c5ed7168e6a55a92dc64d6550884a7647117",
    "https://deno.land/std@0.192.0/collections/max_with.ts": "2b0394444f631f2c35e68d0fe65085117894c8d026d22e4ee3b67565a4813513",
    "https://deno.land/std@0.192.0/collections/min_by.ts": "ac7139ef862ada252ea6e44d8c21d0da457316cc306f5eb74ad25b6becf7f3aa",
    "https://deno.land/std@0.192.0/collections/min_of.ts": "429d64deb6ebe5e105ab96cfbeff17ce9b02847539b2a5cc8876db17df5d1840",
    "https://deno.land/std@0.192.0/collections/min_with.ts": "3b9990c254f6bff9f557f1add13b6e16d737790b6963eab0fdfc1289ce43c031",
    "https://deno.land/std@0.192.0/collections/mod.ts": "05648f56cbc0383f2c3180ee60a7c99bbd637232e98e19b97a5d61d1f3043b8a",
    "https://deno.land/std@0.192.0/collections/partition.ts": "98530a323a635d2a0d8a829bbdedeb02b2a9993a9ae11f2927a838fc0d64b9fa",
    "https://deno.land/std@0.192.0/collections/partition_entries.ts": "121dfd08b4c983f762ec271988729e7582a57583b0ab0a042d08ea1aa4e07f08",
    "https://deno.land/std@0.192.0/collections/permutations.ts": "4ef955fe70a9cc0d7d4b0db588701c9acf50bbfa5b8069398d371eaad932c58c",
    "https://deno.land/std@0.192.0/collections/reduce_groups.ts": "9bcfeecddf727f1d1fa3a4fefbb594713405d991f0e82706a4602bb5144d2983",
    "https://deno.land/std@0.192.0/collections/running_reduce.ts": "e64673193860d2a71a7a1c607e34f01bee19e7b9df0ccd235e770d25836b161f",
    "https://deno.land/std@0.192.0/collections/sample.ts": "1a744b2a486e2792332499d942ccc6edd2f40719f76a2a7a9ec185a3c07e59da",
    "https://deno.land/std@0.192.0/collections/sliding_windows.ts": "2d99522a753af01afc29a6b7b9135c35bd8ce654e80500b9533706ebe0f418b1",
    "https://deno.land/std@0.192.0/collections/sort_by.ts": "e69f2547f40f1095949d8f47f5f114aff7d0f11c248b39515365e99bc5e85744",
    "https://deno.land/std@0.192.0/collections/sum_of.ts": "04511f94446725aed78f9257730057d0a09c2ed5d9822fe91a8455b45d314f4c",
    "https://deno.land/std@0.192.0/collections/take_last_while.ts": "1ac8dc5b701c0d763a3b423db75a2ae64e75f849f64e6caa6baa51247c25b229",
    "https://deno.land/std@0.192.0/collections/take_while.ts": "3ba42ccce85c8a6b70ca6e6d8ea4291f35c968c774a82545e414e2c4d2b34be4",
    "https://deno.land/std@0.192.0/collections/union.ts": "85fcc4691cf5f2930649cd0ae28dc9a580d61c989f9042c243e7554449969522",
    "https://deno.land/std@0.192.0/collections/unzip.ts": "c414a507c0827792574699799b66f35bdf03e231a83c92b3f4b36f3b449aaf6e",
    "https://deno.land/std@0.192.0/collections/without_all.ts": "a89f5da0b5830defed4f59666e188df411d8fece35a5f6ca69be6ca71a95c185",
    "https://deno.land/std@0.192.0/collections/zip.ts": "a214754eec9490a27056dc568bbbb6f5455dd9cea7543c96bde93ca274068b0d",
    "https://deno.land/std@0.192.0/path/_constants.ts": "e49961f6f4f48039c0dfed3c3f93e963ca3d92791c9d478ac5b43183413136e0",
    "https://deno.land/std@0.192.0/path/_interface.ts": "6471159dfbbc357e03882c2266d21ef9afdb1e4aa771b0545e90db58a0ba314b",
    "https://deno.land/std@0.192.0/path/_util.ts": "d7abb1e0dea065f427b89156e28cdeb32b045870acdf865833ba808a73b576d0",
    "https://deno.land/std@0.192.0/path/common.ts": "ee7505ab01fd22de3963b64e46cff31f40de34f9f8de1fff6a1bd2fe79380000",
    "https://deno.land/std@0.192.0/path/glob.ts": "d479e0a695621c94d3fd7fe7abd4f9499caf32a8de13f25073451c6ef420a4e1",
    "https://deno.land/std@0.192.0/path/mod.ts": "f065032a7189404fdac3ad1a1551a9ac84751d2f25c431e101787846c86c79ef",
    "https://deno.land/std@0.192.0/path/posix.ts": "8b7c67ac338714b30c816079303d0285dd24af6b284f7ad63da5b27372a2c94d",
    "https://deno.land/std@0.192.0/path/separator.ts": "0fb679739d0d1d7bf45b68dacfb4ec7563597a902edbaf3c59b50d5bcadd93b1",
    "https://deno.land/std@0.192.0/path/win32.ts": "d186344e5583bcbf8b18af416d13d82b35a317116e6460a5a3953508c3de5bba"
  }
}
